// !$*UTF8*$!
{
	archiveVersion = 1;
	classes = {
	};
	objectVersion = 56;
	objects = {

/* Begin PBXBuildFile section */
		D93899E829E6A8E80061C6CF /* AppDelegate.swift in Sources */ = {isa = PBXBuildFile; fileRef = D93899E729E6A8E80061C6CF /* AppDelegate.swift */; };
		D93899EA29E6A8E80061C6CF /* SceneDelegate.swift in Sources */ = {isa = PBXBuildFile; fileRef = D93899E929E6A8E80061C6CF /* SceneDelegate.swift */; };
		D93899EC29E6A8E80061C6CF /* MainViewController.swift in Sources */ = {isa = PBXBuildFile; fileRef = D93899EB29E6A8E80061C6CF /* MainViewController.swift */; };
		D93899F129E6A8E80061C6CF /* Assets.xcassets in Resources */ = {isa = PBXBuildFile; fileRef = D93899F029E6A8E80061C6CF /* Assets.xcassets */; };
		D93899F429E6A8E80061C6CF /* LaunchScreen.storyboard in Resources */ = {isa = PBXBuildFile; fileRef = D93899F229E6A8E80061C6CF /* LaunchScreen.storyboard */; };
		D93899FD29E6B0AF0061C6CF /* UIViewController+Utils.swift in Sources */ = {isa = PBXBuildFile; fileRef = D93899FC29E6B0AF0061C6CF /* UIViewController+Utils.swift */; };
		D9389A0229E6C0FE0061C6CF /* SearchViewController.swift in Sources */ = {isa = PBXBuildFile; fileRef = D9389A0129E6C0FE0061C6CF /* SearchViewController.swift */; };
		D9389A0429E6CD360061C6CF /* SearchResultViewController.swift in Sources */ = {isa = PBXBuildFile; fileRef = D9389A0329E6CD360061C6CF /* SearchResultViewController.swift */; };
		D9389A0629E6CE460061C6CF /* SearchResultCell.swift in Sources */ = {isa = PBXBuildFile; fileRef = D9389A0529E6CE460061C6CF /* SearchResultCell.swift */; };
		D9389A0929E8049B0061C6CF /* NetworkService.swift in Sources */ = {isa = PBXBuildFile; fileRef = D9389A0829E8049B0061C6CF /* NetworkService.swift */; };
		D946551C29E8772D0037108E /* UIImageView+Networking.swift in Sources */ = {isa = PBXBuildFile; fileRef = D946551B29E8772D0037108E /* UIImageView+Networking.swift */; };
		D94A4BC029ED525200E98C5D /* BookDetailViewController.swift in Sources */ = {isa = PBXBuildFile; fileRef = D94A4BBF29ED525200E98C5D /* BookDetailViewController.swift */; };
		D94A4BC229ED811E00E98C5D /* CoverView.swift in Sources */ = {isa = PBXBuildFile; fileRef = D94A4BC129ED811E00E98C5D /* CoverView.swift */; };
		D94A4BC729EF070400E98C5D /* String+Utils.swift in Sources */ = {isa = PBXBuildFile; fileRef = D94A4BC629EF070400E98C5D /* String+Utils.swift */; };
		D94A4BC929EFFD3B00E98C5D /* UnderlineView.swift in Sources */ = {isa = PBXBuildFile; fileRef = D94A4BC829EFFD3B00E98C5D /* UnderlineView.swift */; };
		D94A4BCB29F0240400E98C5D /* CustomButton.swift in Sources */ = {isa = PBXBuildFile; fileRef = D94A4BCA29F0240400E98C5D /* CustomButton.swift */; };
		D999653B29EB1A1E00288FBC /* Resources.swift in Sources */ = {isa = PBXBuildFile; fileRef = D999653A29EB1A1E00288FBC /* Resources.swift */; };
		D9C6C10729EC17F10074C975 /* BestsellerView.swift in Sources */ = {isa = PBXBuildFile; fileRef = D9C6C10629EC17F10074C975 /* BestsellerView.swift */; };
/* End PBXBuildFile section */

/* Begin PBXFileReference section */
		D93899E429E6A8E80061C6CF /* Bibliotheque.app */ = {isa = PBXFileReference; explicitFileType = wrapper.application; includeInIndex = 0; path = Bibliotheque.app; sourceTree = BUILT_PRODUCTS_DIR; };
		D93899E729E6A8E80061C6CF /* AppDelegate.swift */ = {isa = PBXFileReference; lastKnownFileType = sourcecode.swift; path = AppDelegate.swift; sourceTree = "<group>"; };
		D93899E929E6A8E80061C6CF /* SceneDelegate.swift */ = {isa = PBXFileReference; lastKnownFileType = sourcecode.swift; path = SceneDelegate.swift; sourceTree = "<group>"; };
		D93899EB29E6A8E80061C6CF /* MainViewController.swift */ = {isa = PBXFileReference; lastKnownFileType = sourcecode.swift; path = MainViewController.swift; sourceTree = "<group>"; };
		D93899F029E6A8E80061C6CF /* Assets.xcassets */ = {isa = PBXFileReference; lastKnownFileType = folder.assetcatalog; path = Assets.xcassets; sourceTree = "<group>"; };
		D93899F329E6A8E80061C6CF /* Base */ = {isa = PBXFileReference; lastKnownFileType = file.storyboard; name = Base; path = Base.lproj/LaunchScreen.storyboard; sourceTree = "<group>"; };
		D93899F529E6A8E80061C6CF /* Info.plist */ = {isa = PBXFileReference; lastKnownFileType = text.plist.xml; path = Info.plist; sourceTree = "<group>"; };
		D93899FC29E6B0AF0061C6CF /* UIViewController+Utils.swift */ = {isa = PBXFileReference; lastKnownFileType = sourcecode.swift; path = "UIViewController+Utils.swift"; sourceTree = "<group>"; };
		D9389A0129E6C0FE0061C6CF /* SearchViewController.swift */ = {isa = PBXFileReference; lastKnownFileType = sourcecode.swift; path = SearchViewController.swift; sourceTree = "<group>"; };
		D9389A0329E6CD360061C6CF /* SearchResultViewController.swift */ = {isa = PBXFileReference; lastKnownFileType = sourcecode.swift; path = SearchResultViewController.swift; sourceTree = "<group>"; };
		D9389A0529E6CE460061C6CF /* SearchResultCell.swift */ = {isa = PBXFileReference; lastKnownFileType = sourcecode.swift; path = SearchResultCell.swift; sourceTree = "<group>"; };
		D9389A0829E8049B0061C6CF /* NetworkService.swift */ = {isa = PBXFileReference; lastKnownFileType = sourcecode.swift; path = NetworkService.swift; sourceTree = "<group>"; };
		D946551B29E8772D0037108E /* UIImageView+Networking.swift */ = {isa = PBXFileReference; lastKnownFileType = sourcecode.swift; path = "UIImageView+Networking.swift"; sourceTree = "<group>"; };
		D94A4BBF29ED525200E98C5D /* BookDetailViewController.swift */ = {isa = PBXFileReference; lastKnownFileType = sourcecode.swift; path = BookDetailViewController.swift; sourceTree = "<group>"; };
		D94A4BC129ED811E00E98C5D /* CoverView.swift */ = {isa = PBXFileReference; lastKnownFileType = sourcecode.swift; path = CoverView.swift; sourceTree = "<group>"; };
		D94A4BC629EF070400E98C5D /* String+Utils.swift */ = {isa = PBXFileReference; lastKnownFileType = sourcecode.swift; path = "String+Utils.swift"; sourceTree = "<group>"; };
		D94A4BC829EFFD3B00E98C5D /* UnderlineView.swift */ = {isa = PBXFileReference; lastKnownFileType = sourcecode.swift; path = UnderlineView.swift; sourceTree = "<group>"; };
		D94A4BCA29F0240400E98C5D /* CustomButton.swift */ = {isa = PBXFileReference; lastKnownFileType = sourcecode.swift; path = CustomButton.swift; sourceTree = "<group>"; };
		D999653A29EB1A1E00288FBC /* Resources.swift */ = {isa = PBXFileReference; lastKnownFileType = sourcecode.swift; path = Resources.swift; sourceTree = "<group>"; };
		D9C6C10629EC17F10074C975 /* BestsellerView.swift */ = {isa = PBXFileReference; lastKnownFileType = sourcecode.swift; path = BestsellerView.swift; sourceTree = "<group>"; };
/* End PBXFileReference section */

/* Begin PBXFrameworksBuildPhase section */
		D93899E129E6A8E80061C6CF /* Frameworks */ = {
			isa = PBXFrameworksBuildPhase;
			buildActionMask = 2147483647;
			files = (
			);
			runOnlyForDeploymentPostprocessing = 0;
		};
/* End PBXFrameworksBuildPhase section */

/* Begin PBXGroup section */
		D93899DB29E6A8E80061C6CF = {
			isa = PBXGroup;
			children = (
				D93899E629E6A8E80061C6CF /* Bibliotheque */,
				D93899E529E6A8E80061C6CF /* Products */,
			);
			sourceTree = "<group>";
		};
		D93899E529E6A8E80061C6CF /* Products */ = {
			isa = PBXGroup;
			children = (
				D93899E429E6A8E80061C6CF /* Bibliotheque.app */,
			);
			name = Products;
			sourceTree = "<group>";
		};
		D93899E629E6A8E80061C6CF /* Bibliotheque */ = {
			isa = PBXGroup;
			children = (
				D98A947529EB19BF00E76A60 /* Helpers */,
				D9389A0729E8047E0061C6CF /* Networking */,
				D9389A0029E6C0140061C6CF /* Search */,
				D93899E729E6A8E80061C6CF /* AppDelegate.swift */,
				D93899E929E6A8E80061C6CF /* SceneDelegate.swift */,
				D93899EB29E6A8E80061C6CF /* MainViewController.swift */,
				D93899FB29E6B03E0061C6CF /* Utils */,
				D93899F029E6A8E80061C6CF /* Assets.xcassets */,
				D93899F229E6A8E80061C6CF /* LaunchScreen.storyboard */,
				D93899F529E6A8E80061C6CF /* Info.plist */,
			);
			path = Bibliotheque;
			sourceTree = "<group>";
		};
		D93899FB29E6B03E0061C6CF /* Utils */ = {
			isa = PBXGroup;
			children = (
				D93899FC29E6B0AF0061C6CF /* UIViewController+Utils.swift */,
				D94A4BC629EF070400E98C5D /* String+Utils.swift */,
			);
			path = Utils;
			sourceTree = "<group>";
		};
		D9389A0029E6C0140061C6CF /* Search */ = {
			isa = PBXGroup;
			children = (
				D9C6C10629EC17F10074C975 /* BestsellerView.swift */,
				D9389A0129E6C0FE0061C6CF /* SearchViewController.swift */,
				D9389A0329E6CD360061C6CF /* SearchResultViewController.swift */,
				D9389A0529E6CE460061C6CF /* SearchResultCell.swift */,
				D94A4BC329EDA94C00E98C5D /* BookDetails */,
			);
			path = Search;
			sourceTree = "<group>";
		};
		D9389A0729E8047E0061C6CF /* Networking */ = {
			isa = PBXGroup;
			children = (
				D9389A0829E8049B0061C6CF /* NetworkService.swift */,
				D946551B29E8772D0037108E /* UIImageView+Networking.swift */,
			);
			path = Networking;
			sourceTree = "<group>";
		};
		D94A4BC329EDA94C00E98C5D /* BookDetails */ = {
			isa = PBXGroup;
			children = (
				D94A4BC129ED811E00E98C5D /* CoverView.swift */,
				D94A4BBF29ED525200E98C5D /* BookDetailViewController.swift */,
				D94A4BC829EFFD3B00E98C5D /* UnderlineView.swift */,
				D94A4BCA29F0240400E98C5D /* CustomButton.swift */,
			);
			path = BookDetails;
			sourceTree = "<group>";
		};
		D98A947529EB19BF00E76A60 /* Helpers */ = {
			isa = PBXGroup;
			children = (
				D999653A29EB1A1E00288FBC /* Resources.swift */,
			);
			path = Helpers;
			sourceTree = "<group>";
		};
/* End PBXGroup section */

/* Begin PBXNativeTarget section */
		D93899E329E6A8E80061C6CF /* Bibliotheque */ = {
			isa = PBXNativeTarget;
			buildConfigurationList = D93899F829E6A8E80061C6CF /* Build configuration list for PBXNativeTarget "Bibliotheque" */;
			buildPhases = (
				D93899E029E6A8E80061C6CF /* Sources */,
				D93899E129E6A8E80061C6CF /* Frameworks */,
				D93899E229E6A8E80061C6CF /* Resources */,
			);
			buildRules = (
			);
			dependencies = (
			);
			name = Bibliotheque;
			productName = Bibliotheque;
			productReference = D93899E429E6A8E80061C6CF /* Bibliotheque.app */;
			productType = "com.apple.product-type.application";
		};
/* End PBXNativeTarget section */

/* Begin PBXProject section */
		D93899DC29E6A8E80061C6CF /* Project object */ = {
			isa = PBXProject;
			attributes = {
				BuildIndependentTargetsInParallel = 1;
				LastSwiftUpdateCheck = 1420;
				LastUpgradeCheck = 1420;
				TargetAttributes = {
					D93899E329E6A8E80061C6CF = {
						CreatedOnToolsVersion = 14.2;
					};
				};
			};
			buildConfigurationList = D93899DF29E6A8E80061C6CF /* Build configuration list for PBXProject "Bibliotheque" */;
			compatibilityVersion = "Xcode 14.0";
			developmentRegion = en;
			hasScannedForEncodings = 0;
			knownRegions = (
				en,
				Base,
			);
			mainGroup = D93899DB29E6A8E80061C6CF;
			productRefGroup = D93899E529E6A8E80061C6CF /* Products */;
			projectDirPath = "";
			projectRoot = "";
			targets = (
				D93899E329E6A8E80061C6CF /* Bibliotheque */,
			);
		};
/* End PBXProject section */

/* Begin PBXResourcesBuildPhase section */
		D93899E229E6A8E80061C6CF /* Resources */ = {
			isa = PBXResourcesBuildPhase;
			buildActionMask = 2147483647;
			files = (
				D93899F429E6A8E80061C6CF /* LaunchScreen.storyboard in Resources */,
				D93899F129E6A8E80061C6CF /* Assets.xcassets in Resources */,
			);
			runOnlyForDeploymentPostprocessing = 0;
		};
/* End PBXResourcesBuildPhase section */

/* Begin PBXSourcesBuildPhase section */
		D93899E029E6A8E80061C6CF /* Sources */ = {
			isa = PBXSourcesBuildPhase;
			buildActionMask = 2147483647;
			files = (
				D9C6C10729EC17F10074C975 /* BestsellerView.swift in Sources */,
				D9389A0629E6CE460061C6CF /* SearchResultCell.swift in Sources */,
				D94A4BCB29F0240400E98C5D /* CustomButton.swift in Sources */,
				D94A4BC929EFFD3B00E98C5D /* UnderlineView.swift in Sources */,
				D9389A0229E6C0FE0061C6CF /* SearchViewController.swift in Sources */,
				D946551C29E8772D0037108E /* UIImageView+Networking.swift in Sources */,
				D999653B29EB1A1E00288FBC /* Resources.swift in Sources */,
				D9389A0929E8049B0061C6CF /* NetworkService.swift in Sources */,
				D9389A0429E6CD360061C6CF /* SearchResultViewController.swift in Sources */,
				D93899FD29E6B0AF0061C6CF /* UIViewController+Utils.swift in Sources */,
				D93899EC29E6A8E80061C6CF /* MainViewController.swift in Sources */,
				D93899E829E6A8E80061C6CF /* AppDelegate.swift in Sources */,
				D94A4BC029ED525200E98C5D /* BookDetailViewController.swift in Sources */,
				D94A4BC229ED811E00E98C5D /* CoverView.swift in Sources */,
				D94A4BC729EF070400E98C5D /* String+Utils.swift in Sources */,
				D93899EA29E6A8E80061C6CF /* SceneDelegate.swift in Sources */,
			);
			runOnlyForDeploymentPostprocessing = 0;
		};
/* End PBXSourcesBuildPhase section */

/* Begin PBXVariantGroup section */
		D93899F229E6A8E80061C6CF /* LaunchScreen.storyboard */ = {
			isa = PBXVariantGroup;
			children = (
				D93899F329E6A8E80061C6CF /* Base */,
			);
			name = LaunchScreen.storyboard;
			sourceTree = "<group>";
		};
/* End PBXVariantGroup section */

/* Begin XCBuildConfiguration section */
		D93899F629E6A8E80061C6CF /* Debug */ = {
			isa = XCBuildConfiguration;
			buildSettings = {
				ALWAYS_SEARCH_USER_PATHS = NO;
				CLANG_ANALYZER_NONNULL = YES;
				CLANG_ANALYZER_NUMBER_OBJECT_CONVERSION = YES_AGGRESSIVE;
				CLANG_CXX_LANGUAGE_STANDARD = "gnu++20";
				CLANG_ENABLE_MODULES = YES;
				CLANG_ENABLE_OBJC_ARC = YES;
				CLANG_ENABLE_OBJC_WEAK = YES;
				CLANG_WARN_BLOCK_CAPTURE_AUTORELEASING = YES;
				CLANG_WARN_BOOL_CONVERSION = YES;
				CLANG_WARN_COMMA = YES;
				CLANG_WARN_CONSTANT_CONVERSION = YES;
				CLANG_WARN_DEPRECATED_OBJC_IMPLEMENTATIONS = YES;
				CLANG_WARN_DIRECT_OBJC_ISA_USAGE = YES_ERROR;
				CLANG_WARN_DOCUMENTATION_COMMENTS = YES;
				CLANG_WARN_EMPTY_BODY = YES;
				CLANG_WARN_ENUM_CONVERSION = YES;
				CLANG_WARN_INFINITE_RECURSION = YES;
				CLANG_WARN_INT_CONVERSION = YES;
				CLANG_WARN_NON_LITERAL_NULL_CONVERSION = YES;
				CLANG_WARN_OBJC_IMPLICIT_RETAIN_SELF = YES;
				CLANG_WARN_OBJC_LITERAL_CONVERSION = YES;
				CLANG_WARN_OBJC_ROOT_CLASS = YES_ERROR;
				CLANG_WARN_QUOTED_INCLUDE_IN_FRAMEWORK_HEADER = YES;
				CLANG_WARN_RANGE_LOOP_ANALYSIS = YES;
				CLANG_WARN_STRICT_PROTOTYPES = YES;
				CLANG_WARN_SUSPICIOUS_MOVE = YES;
				CLANG_WARN_UNGUARDED_AVAILABILITY = YES_AGGRESSIVE;
				CLANG_WARN_UNREACHABLE_CODE = YES;
				CLANG_WARN__DUPLICATE_METHOD_MATCH = YES;
				COPY_PHASE_STRIP = NO;
				DEBUG_INFORMATION_FORMAT = dwarf;
				ENABLE_STRICT_OBJC_MSGSEND = YES;
				ENABLE_TESTABILITY = YES;
				GCC_C_LANGUAGE_STANDARD = gnu11;
				GCC_DYNAMIC_NO_PIC = NO;
				GCC_NO_COMMON_BLOCKS = YES;
				GCC_OPTIMIZATION_LEVEL = 0;
				GCC_PREPROCESSOR_DEFINITIONS = (
					"DEBUG=1",
					"$(inherited)",
				);
				GCC_WARN_64_TO_32_BIT_CONVERSION = YES;
				GCC_WARN_ABOUT_RETURN_TYPE = YES_ERROR;
				GCC_WARN_UNDECLARED_SELECTOR = YES;
				GCC_WARN_UNINITIALIZED_AUTOS = YES_AGGRESSIVE;
				GCC_WARN_UNUSED_FUNCTION = YES;
				GCC_WARN_UNUSED_VARIABLE = YES;
				IPHONEOS_DEPLOYMENT_TARGET = 16.2;
				MTL_ENABLE_DEBUG_INFO = INCLUDE_SOURCE;
				MTL_FAST_MATH = YES;
				ONLY_ACTIVE_ARCH = YES;
				SDKROOT = iphoneos;
				SWIFT_ACTIVE_COMPILATION_CONDITIONS = DEBUG;
				SWIFT_OPTIMIZATION_LEVEL = "-Onone";
			};
			name = Debug;
		};
		D93899F729E6A8E80061C6CF /* Release */ = {
			isa = XCBuildConfiguration;
			buildSettings = {
				ALWAYS_SEARCH_USER_PATHS = NO;
				CLANG_ANALYZER_NONNULL = YES;
				CLANG_ANALYZER_NUMBER_OBJECT_CONVERSION = YES_AGGRESSIVE;
				CLANG_CXX_LANGUAGE_STANDARD = "gnu++20";
				CLANG_ENABLE_MODULES = YES;
				CLANG_ENABLE_OBJC_ARC = YES;
				CLANG_ENABLE_OBJC_WEAK = YES;
				CLANG_WARN_BLOCK_CAPTURE_AUTORELEASING = YES;
				CLANG_WARN_BOOL_CONVERSION = YES;
				CLANG_WARN_COMMA = YES;
				CLANG_WARN_CONSTANT_CONVERSION = YES;
				CLANG_WARN_DEPRECATED_OBJC_IMPLEMENTATIONS = YES;
				CLANG_WARN_DIRECT_OBJC_ISA_USAGE = YES_ERROR;
				CLANG_WARN_DOCUMENTATION_COMMENTS = YES;
				CLANG_WARN_EMPTY_BODY = YES;
				CLANG_WARN_ENUM_CONVERSION = YES;
				CLANG_WARN_INFINITE_RECURSION = YES;
				CLANG_WARN_INT_CONVERSION = YES;
				CLANG_WARN_NON_LITERAL_NULL_CONVERSION = YES;
				CLANG_WARN_OBJC_IMPLICIT_RETAIN_SELF = YES;
				CLANG_WARN_OBJC_LITERAL_CONVERSION = YES;
				CLANG_WARN_OBJC_ROOT_CLASS = YES_ERROR;
				CLANG_WARN_QUOTED_INCLUDE_IN_FRAMEWORK_HEADER = YES;
				CLANG_WARN_RANGE_LOOP_ANALYSIS = YES;
				CLANG_WARN_STRICT_PROTOTYPES = YES;
				CLANG_WARN_SUSPICIOUS_MOVE = YES;
				CLANG_WARN_UNGUARDED_AVAILABILITY = YES_AGGRESSIVE;
				CLANG_WARN_UNREACHABLE_CODE = YES;
				CLANG_WARN__DUPLICATE_METHOD_MATCH = YES;
				COPY_PHASE_STRIP = NO;
				DEBUG_INFORMATION_FORMAT = "dwarf-with-dsym";
				ENABLE_NS_ASSERTIONS = NO;
				ENABLE_STRICT_OBJC_MSGSEND = YES;
				GCC_C_LANGUAGE_STANDARD = gnu11;
				GCC_NO_COMMON_BLOCKS = YES;
				GCC_WARN_64_TO_32_BIT_CONVERSION = YES;
				GCC_WARN_ABOUT_RETURN_TYPE = YES_ERROR;
				GCC_WARN_UNDECLARED_SELECTOR = YES;
				GCC_WARN_UNINITIALIZED_AUTOS = YES_AGGRESSIVE;
				GCC_WARN_UNUSED_FUNCTION = YES;
				GCC_WARN_UNUSED_VARIABLE = YES;
				IPHONEOS_DEPLOYMENT_TARGET = 16.2;
				MTL_ENABLE_DEBUG_INFO = NO;
				MTL_FAST_MATH = YES;
				SDKROOT = iphoneos;
				SWIFT_COMPILATION_MODE = wholemodule;
				SWIFT_OPTIMIZATION_LEVEL = "-O";
				VALIDATE_PRODUCT = YES;
			};
			name = Release;
		};
		D93899F929E6A8E80061C6CF /* Debug */ = {
			isa = XCBuildConfiguration;
			buildSettings = {
				ASSETCATALOG_COMPILER_APPICON_NAME = AppIcon;
				ASSETCATALOG_COMPILER_GLOBAL_ACCENT_COLOR_NAME = AccentColor;
				CODE_SIGN_STYLE = Automatic;
				CURRENT_PROJECT_VERSION = 1;
				GENERATE_INFOPLIST_FILE = YES;
				INFOPLIST_FILE = Bibliotheque/Info.plist;
				INFOPLIST_KEY_UIApplicationSupportsIndirectInputEvents = YES;
				INFOPLIST_KEY_UILaunchStoryboardName = LaunchScreen;
				INFOPLIST_KEY_UISupportedInterfaceOrientations_iPad = "UIInterfaceOrientationPortrait UIInterfaceOrientationPortraitUpsideDown UIInterfaceOrientationLandscapeLeft UIInterfaceOrientationLandscapeRight";
				INFOPLIST_KEY_UISupportedInterfaceOrientations_iPhone = "UIInterfaceOrientationPortrait UIInterfaceOrientationLandscapeLeft UIInterfaceOrientationLandscapeRight";
				LD_RUNPATH_SEARCH_PATHS = (
					"$(inherited)",
					"@executable_path/Frameworks",
				);
				MARKETING_VERSION = 1.0;
				PRODUCT_BUNDLE_IDENTIFIER = com.app.Bibliotheque;
				PRODUCT_NAME = "$(TARGET_NAME)";
				SWIFT_EMIT_LOC_STRINGS = YES;
				SWIFT_VERSION = 5.0;
				TARGETED_DEVICE_FAMILY = "1,2";
			};
			name = Debug;
		};
		D93899FA29E6A8E80061C6CF /* Release */ = {
			isa = XCBuildConfiguration;
			buildSettings = {
				ASSETCATALOG_COMPILER_APPICON_NAME = AppIcon;
				ASSETCATALOG_COMPILER_GLOBAL_ACCENT_COLOR_NAME = AccentColor;
				CODE_SIGN_STYLE = Automatic;
				CURRENT_PROJECT_VERSION = 1;
				GENERATE_INFOPLIST_FILE = YES;
				INFOPLIST_FILE = Bibliotheque/Info.plist;
				INFOPLIST_KEY_UIApplicationSupportsIndirectInputEvents = YES;
				INFOPLIST_KEY_UILaunchStoryboardName = LaunchScreen;
				INFOPLIST_KEY_UISupportedInterfaceOrientations_iPad = "UIInterfaceOrientationPortrait UIInterfaceOrientationPortraitUpsideDown UIInterfaceOrientationLandscapeLeft UIInterfaceOrientationLandscapeRight";
				INFOPLIST_KEY_UISupportedInterfaceOrientations_iPhone = "UIInterfaceOrientationPortrait UIInterfaceOrientationLandscapeLeft UIInterfaceOrientationLandscapeRight";
				LD_RUNPATH_SEARCH_PATHS = (
					"$(inherited)",
					"@executable_path/Frameworks",
				);
				MARKETING_VERSION = 1.0;
				PRODUCT_BUNDLE_IDENTIFIER = com.app.Bibliotheque;
				PRODUCT_NAME = "$(TARGET_NAME)";
				SWIFT_EMIT_LOC_STRINGS = YES;
				SWIFT_VERSION = 5.0;
				TARGETED_DEVICE_FAMILY = "1,2";
			};
			name = Release;
		};
/* End XCBuildConfiguration section */

/* Begin XCConfigurationList section */
		D93899DF29E6A8E80061C6CF /* Build configuration list for PBXProject "Bibliotheque" */ = {
			isa = XCConfigurationList;
			buildConfigurations = (
				D93899F629E6A8E80061C6CF /* Debug */,
				D93899F729E6A8E80061C6CF /* Release */,
			);
			defaultConfigurationIsVisible = 0;
			defaultConfigurationName = Release;
		};
		D93899F829E6A8E80061C6CF /* Build configuration list for PBXNativeTarget "Bibliotheque" */ = {
			isa = XCConfigurationList;
			buildConfigurations = (
				D93899F929E6A8E80061C6CF /* Debug */,
				D93899FA29E6A8E80061C6CF /* Release */,
			);
			defaultConfigurationIsVisible = 0;
			defaultConfigurationName = Release;
		};
/* End XCConfigurationList section */
	};
	rootObject = D93899DC29E6A8E80061C6CF /* Project object */;
}
